// !$*UTF8*$!
{
	archiveVersion = 1;
	classes = {
	};
	objectVersion = 50;
	objects = {

/* Begin PBXBuildFile section */
		F3EF4459F287BE6626C5D862 /* Pods_WordSearch.framework in Frameworks */ = {isa = PBXBuildFile; fileRef = 12D76B61334F2B8E8F0147AC /* Pods_WordSearch.framework */; };
		FA9470952287796500CADAAD /* AppDelegate.swift in Sources */ = {isa = PBXBuildFile; fileRef = FA9470942287796500CADAAD /* AppDelegate.swift */; };
		FA9470972287796500CADAAD /* ViewController.swift in Sources */ = {isa = PBXBuildFile; fileRef = FA9470962287796500CADAAD /* ViewController.swift */; };
		FA94709A2287796500CADAAD /* Main.storyboard in Resources */ = {isa = PBXBuildFile; fileRef = FA9470982287796500CADAAD /* Main.storyboard */; };
		FA94709C2287796B00CADAAD /* Assets.xcassets in Resources */ = {isa = PBXBuildFile; fileRef = FA94709B2287796B00CADAAD /* Assets.xcassets */; };
		FA94709F2287796B00CADAAD /* LaunchScreen.storyboard in Resources */ = {isa = PBXBuildFile; fileRef = FA94709D2287796B00CADAAD /* LaunchScreen.storyboard */; };
		FAFF9DFB228852BB00C0BD8F /* LetterCollectionViewCell.swift in Sources */ = {isa = PBXBuildFile; fileRef = FAFF9DFA228852BB00C0BD8F /* LetterCollectionViewCell.swift */; };
/* End PBXBuildFile section */

/* Begin PBXFileReference section */
		0F318E793DDCD3B2C15C055C /* Pods-WordSearch.release.xcconfig */ = {isa = PBXFileReference; includeInIndex = 1; lastKnownFileType = text.xcconfig; name = "Pods-WordSearch.release.xcconfig"; path = "Pods/Target Support Files/Pods-WordSearch/Pods-WordSearch.release.xcconfig"; sourceTree = "<group>"; };
		12D76B61334F2B8E8F0147AC /* Pods_WordSearch.framework */ = {isa = PBXFileReference; explicitFileType = wrapper.framework; includeInIndex = 0; path = Pods_WordSearch.framework; sourceTree = BUILT_PRODUCTS_DIR; };
		20696ED70870316A9CF844C1 /* Pods-WordSearch.debug.xcconfig */ = {isa = PBXFileReference; includeInIndex = 1; lastKnownFileType = text.xcconfig; name = "Pods-WordSearch.debug.xcconfig"; path = "Pods/Target Support Files/Pods-WordSearch/Pods-WordSearch.debug.xcconfig"; sourceTree = "<group>"; };
		FA9470912287796500CADAAD /* WordSearch.app */ = {isa = PBXFileReference; explicitFileType = wrapper.application; includeInIndex = 0; path = WordSearch.app; sourceTree = BUILT_PRODUCTS_DIR; };
		FA9470942287796500CADAAD /* AppDelegate.swift */ = {isa = PBXFileReference; lastKnownFileType = sourcecode.swift; path = AppDelegate.swift; sourceTree = "<group>"; };
		FA9470962287796500CADAAD /* ViewController.swift */ = {isa = PBXFileReference; lastKnownFileType = sourcecode.swift; path = ViewController.swift; sourceTree = "<group>"; };
		FA9470992287796500CADAAD /* Base */ = {isa = PBXFileReference; lastKnownFileType = file.storyboard; name = Base; path = Base.lproj/Main.storyboard; sourceTree = "<group>"; };
		FA94709B2287796B00CADAAD /* Assets.xcassets */ = {isa = PBXFileReference; lastKnownFileType = folder.assetcatalog; path = Assets.xcassets; sourceTree = "<group>"; };
		FA94709E2287796B00CADAAD /* Base */ = {isa = PBXFileReference; lastKnownFileType = file.storyboard; name = Base; path = Base.lproj/LaunchScreen.storyboard; sourceTree = "<group>"; };
		FA9470A02287796B00CADAAD /* Info.plist */ = {isa = PBXFileReference; lastKnownFileType = text.plist.xml; path = Info.plist; sourceTree = "<group>"; };
		FAFF9DFA228852BB00C0BD8F /* LetterCollectionViewCell.swift */ = {isa = PBXFileReference; lastKnownFileType = sourcecode.swift; path = LetterCollectionViewCell.swift; sourceTree = "<group>"; };
/* End PBXFileReference section */

/* Begin PBXFrameworksBuildPhase section */
		FA94708E2287796500CADAAD /* Frameworks */ = {
			isa = PBXFrameworksBuildPhase;
			buildActionMask = 2147483647;
			files = (
				F3EF4459F287BE6626C5D862 /* Pods_WordSearch.framework in Frameworks */,
			);
			runOnlyForDeploymentPostprocessing = 0;
		};
/* End PBXFrameworksBuildPhase section */

/* Begin PBXGroup section */
		1BA869EF364998D59F93350F /* Pods */ = {
			isa = PBXGroup;
			children = (
				20696ED70870316A9CF844C1 /* Pods-WordSearch.debug.xcconfig */,
				0F318E793DDCD3B2C15C055C /* Pods-WordSearch.release.xcconfig */,
			);
			name = Pods;
			sourceTree = "<group>";
		};
		753DDC61F14B8394DD1DE3C5 /* Frameworks */ = {
			isa = PBXGroup;
			children = (
				12D76B61334F2B8E8F0147AC /* Pods_WordSearch.framework */,
			);
			name = Frameworks;
			sourceTree = "<group>";
		};
		FA9470882287796500CADAAD = {
			isa = PBXGroup;
			children = (
				FA9470932287796500CADAAD /* WordSearch */,
				FA9470922287796500CADAAD /* Products */,
				1BA869EF364998D59F93350F /* Pods */,
				753DDC61F14B8394DD1DE3C5 /* Frameworks */,
			);
			sourceTree = "<group>";
		};
		FA9470922287796500CADAAD /* Products */ = {
			isa = PBXGroup;
			children = (
				FA9470912287796500CADAAD /* WordSearch.app */,
			);
			name = Products;
			sourceTree = "<group>";
		};
		FA9470932287796500CADAAD /* WordSearch */ = {
			isa = PBXGroup;
			children = (
				FA9470942287796500CADAAD /* AppDelegate.swift */,
				FA9470962287796500CADAAD /* ViewController.swift */,
				FA9470982287796500CADAAD /* Main.storyboard */,
				FA94709B2287796B00CADAAD /* Assets.xcassets */,
				FA94709D2287796B00CADAAD /* LaunchScreen.storyboard */,
				FA9470A02287796B00CADAAD /* Info.plist */,
				FAFF9DFA228852BB00C0BD8F /* LetterCollectionViewCell.swift */,
			);
			path = WordSearch;
			sourceTree = "<group>";
		};
/* End PBXGroup section */

/* Begin PBXNativeTarget section */
		FA9470902287796500CADAAD /* WordSearch */ = {
			isa = PBXNativeTarget;
			buildConfigurationList = FA9470A32287796B00CADAAD /* Build configuration list for PBXNativeTarget "WordSearch" */;
			buildPhases = (
				6CB80A20261390ECD72B732F /* [CP] Check Pods Manifest.lock */,
				FA94708D2287796500CADAAD /* Sources */,
				FA94708E2287796500CADAAD /* Frameworks */,
				FA94708F2287796500CADAAD /* Resources */,
				BC723982C6881CF9705B2C6B /* [CP] Embed Pods Frameworks */,
			);
			buildRules = (
			);
			dependencies = (
			);
			name = WordSearch;
			productName = WordSearch;
			productReference = FA9470912287796500CADAAD /* WordSearch.app */;
			productType = "com.apple.product-type.application";
		};
/* End PBXNativeTarget section */

/* Begin PBXProject section */
		FA9470892287796500CADAAD /* Project object */ = {
			isa = PBXProject;
			attributes = {
				LastSwiftUpdateCheck = 1010;
				LastUpgradeCheck = 1010;
				ORGANIZATIONNAME = Abdel;
				TargetAttributes = {
					FA9470902287796500CADAAD = {
						CreatedOnToolsVersion = 10.1;
					};
				};
			};
			buildConfigurationList = FA94708C2287796500CADAAD /* Build configuration list for PBXProject "WordSearch" */;
			compatibilityVersion = "Xcode 9.3";
			developmentRegion = en;
			hasScannedForEncodings = 0;
			knownRegions = (
				en,
				Base,
			);
			mainGroup = FA9470882287796500CADAAD;
			productRefGroup = FA9470922287796500CADAAD /* Products */;
			projectDirPath = "";
			projectRoot = "";
			targets = (
				FA9470902287796500CADAAD /* WordSearch */,
			);
		};
/* End PBXProject section */

/* Begin PBXResourcesBuildPhase section */
		FA94708F2287796500CADAAD /* Resources */ = {
			isa = PBXResourcesBuildPhase;
			buildActionMask = 2147483647;
			files = (
				FA94709F2287796B00CADAAD /* LaunchScreen.storyboard in Resources */,
				FA94709C2287796B00CADAAD /* Assets.xcassets in Resources */,
				FA94709A2287796500CADAAD /* Main.storyboard in Resources */,
			);
			runOnlyForDeploymentPostprocessing = 0;
		};
/* End PBXResourcesBuildPhase section */

/* Begin PBXShellScriptBuildPhase section */
		6CB80A20261390ECD72B732F /* [CP] Check Pods Manifest.lock */ = {
			isa = PBXShellScriptBuildPhase;
			buildActionMask = 2147483647;
			files = (
			);
			inputPaths = (
				"${PODS_PODFILE_DIR_PATH}/Podfile.lock",
				"${PODS_ROOT}/Manifest.lock",
			);
			name = "[CP] Check Pods Manifest.lock";
			outputPaths = (
				"$(DERIVED_FILE_DIR)/Pods-WordSearch-checkManifestLockResult.txt",
			);
			runOnlyForDeploymentPostprocessing = 0;
			shellPath = /bin/sh;
			shellScript = "diff \"${PODS_PODFILE_DIR_PATH}/Podfile.lock\" \"${PODS_ROOT}/Manifest.lock\" > /dev/null\nif [ $? != 0 ] ; then\n    # print error to STDERR\n    echo \"error: The sandbox is not in sync with the Podfile.lock. Run 'pod install' or update your CocoaPods installation.\" >&2\n    exit 1\nfi\n# This output is used by Xcode 'outputs' to avoid re-running this script phase.\necho \"SUCCESS\" > \"${SCRIPT_OUTPUT_FILE_0}\"\n";
			showEnvVarsInLog = 0;
		};
		BC723982C6881CF9705B2C6B /* [CP] Embed Pods Frameworks */ = {
			isa = PBXShellScriptBuildPhase;
			buildActionMask = 2147483647;
			files = (
			);
			inputPaths = (
				"${SRCROOT}/Pods/Target Support Files/Pods-WordSearch/Pods-WordSearch-frameworks.sh",
				"${BUILT_PRODUCTS_DIR}/SwipeSelectingCollectionView/SwipeSelectingCollectionView.framework",
			);
			name = "[CP] Embed Pods Frameworks";
			outputPaths = (
				"${TARGET_BUILD_DIR}/${FRAMEWORKS_FOLDER_PATH}/SwipeSelectingCollectionView.framework",
			);
			runOnlyForDeploymentPostprocessing = 0;
			shellPath = /bin/sh;
			shellScript = "\"${SRCROOT}/Pods/Target Support Files/Pods-WordSearch/Pods-WordSearch-frameworks.sh\"\n";
			showEnvVarsInLog = 0;
		};
/* End PBXShellScriptBuildPhase section */

/* Begin PBXSourcesBuildPhase section */
		FA94708D2287796500CADAAD /* Sources */ = {
			isa = PBXSourcesBuildPhase;
			buildActionMask = 2147483647;
			files = (
				FAFF9DFB228852BB00C0BD8F /* LetterCollectionViewCell.swift in Sources */,
				FA9470972287796500CADAAD /* ViewController.swift in Sources */,
				FA9470952287796500CADAAD /* AppDelegate.swift in Sources */,
			);
			runOnlyForDeploymentPostprocessing = 0;
		};
/* End PBXSourcesBuildPhase section */

/* Begin PBXVariantGroup section */
		FA9470982287796500CADAAD /* Main.storyboard */ = {
			isa = PBXVariantGroup;
			children = (
				FA9470992287796500CADAAD /* Base */,
			);
			name = Main.storyboard;
			sourceTree = "<group>";
		};
		FA94709D2287796B00CADAAD /* LaunchScreen.storyboard */ = {
			isa = PBXVariantGroup;
			children = (
				FA94709E2287796B00CADAAD /* Base */,
			);
			name = LaunchScreen.storyboard;
			sourceTree = "<group>";
		};
/* End PBXVariantGroup section */

/* Begin XCBuildConfiguration section */
		FA9470A12287796B00CADAAD /* Debug */ = {
			isa = XCBuildConfiguration;
			buildSettings = {
				ALWAYS_SEARCH_USER_PATHS = NO;
				CLANG_ANALYZER_NONNULL = YES;
				CLANG_ANALYZER_NUMBER_OBJECT_CONVERSION = YES_AGGRESSIVE;
				CLANG_CXX_LANGUAGE_STANDARD = "gnu++14";
				CLANG_CXX_LIBRARY = "libc++";
				CLANG_ENABLE_MODULES = YES;
				CLANG_ENABLE_OBJC_ARC = YES;
				CLANG_ENABLE_OBJC_WEAK = YES;
				CLANG_WARN_BLOCK_CAPTURE_AUTORELEASING = YES;
				CLANG_WARN_BOOL_CONVERSION = YES;
				CLANG_WARN_COMMA = YES;
				CLANG_WARN_CONSTANT_CONVERSION = YES;
				CLANG_WARN_DEPRECATED_OBJC_IMPLEMENTATIONS = YES;
				CLANG_WARN_DIRECT_OBJC_ISA_USAGE = YES_ERROR;
				CLANG_WARN_DOCUMENTATION_COMMENTS = YES;
				CLANG_WARN_EMPTY_BODY = YES;
				CLANG_WARN_ENUM_CONVERSION = YES;
				CLANG_WARN_INFINITE_RECURSION = YES;
				CLANG_WARN_INT_CONVERSION = YES;
				CLANG_WARN_NON_LITERAL_NULL_CONVERSION = YES;
				CLANG_WARN_OBJC_IMPLICIT_RETAIN_SELF = YES;
				CLANG_WARN_OBJC_LITERAL_CONVERSION = YES;
				CLANG_WARN_OBJC_ROOT_CLASS = YES_ERROR;
				CLANG_WARN_RANGE_LOOP_ANALYSIS = YES;
				CLANG_WARN_STRICT_PROTOTYPES = YES;
				CLANG_WARN_SUSPICIOUS_MOVE = YES;
				CLANG_WARN_UNGUARDED_AVAILABILITY = YES_AGGRESSIVE;
				CLANG_WARN_UNREACHABLE_CODE = YES;
				CLANG_WARN__DUPLICATE_METHOD_MATCH = YES;
				CODE_SIGN_IDENTITY = "iPhone Developer";
				COPY_PHASE_STRIP = NO;
				DEBUG_INFORMATION_FORMAT = dwarf;
				ENABLE_STRICT_OBJC_MSGSEND = YES;
				ENABLE_TESTABILITY = YES;
				GCC_C_LANGUAGE_STANDARD = gnu11;
				GCC_DYNAMIC_NO_PIC = NO;
				GCC_NO_COMMON_BLOCKS = YES;
				GCC_OPTIMIZATION_LEVEL = 0;
				GCC_PREPROCESSOR_DEFINITIONS = (
					"DEBUG=1",
					"$(inherited)",
				);
				GCC_WARN_64_TO_32_BIT_CONVERSION = YES;
				GCC_WARN_ABOUT_RETURN_TYPE = YES_ERROR;
				GCC_WARN_UNDECLARED_SELECTOR = YES;
				GCC_WARN_UNINITIALIZED_AUTOS = YES_AGGRESSIVE;
				GCC_WARN_UNUSED_FUNCTION = YES;
				GCC_WARN_UNUSED_VARIABLE = YES;
				IPHONEOS_DEPLOYMENT_TARGET = 12.1;
				MTL_ENABLE_DEBUG_INFO = INCLUDE_SOURCE;
				MTL_FAST_MATH = YES;
				ONLY_ACTIVE_ARCH = YES;
				SDKROOT = iphoneos;
				SWIFT_ACTIVE_COMPILATION_CONDITIONS = DEBUG;
				SWIFT_OPTIMIZATION_LEVEL = "-Onone";
			};
			name = Debug;
		};
		FA9470A22287796B00CADAAD /* Release */ = {
			isa = XCBuildConfiguration;
			buildSettings = {
				ALWAYS_SEARCH_USER_PATHS = NO;
				CLANG_ANALYZER_NONNULL = YES;
				CLANG_ANALYZER_NUMBER_OBJECT_CONVERSION = YES_AGGRESSIVE;
				CLANG_CXX_LANGUAGE_STANDARD = "gnu++14";
				CLANG_CXX_LIBRARY = "libc++";
				CLANG_ENABLE_MODULES = YES;
				CLANG_ENABLE_OBJC_ARC = YES;
				CLANG_ENABLE_OBJC_WEAK = YES;
				CLANG_WARN_BLOCK_CAPTURE_AUTORELEASING = YES;
				CLANG_WARN_BOOL_CONVERSION = YES;
				CLANG_WARN_COMMA = YES;
				CLANG_WARN_CONSTANT_CONVERSION = YES;
				CLANG_WARN_DEPRECATED_OBJC_IMPLEMENTATIONS = YES;
				CLANG_WARN_DIRECT_OBJC_ISA_USAGE = YES_ERROR;
				CLANG_WARN_DOCUMENTATION_COMMENTS = YES;
				CLANG_WARN_EMPTY_BODY = YES;
				CLANG_WARN_ENUM_CONVERSION = YES;
				CLANG_WARN_INFINITE_RECURSION = YES;
				CLANG_WARN_INT_CONVERSION = YES;
				CLANG_WARN_NON_LITERAL_NULL_CONVERSION = YES;
				CLANG_WARN_OBJC_IMPLICIT_RETAIN_SELF = YES;
				CLANG_WARN_OBJC_LITERAL_CONVERSION = YES;
				CLANG_WARN_OBJC_ROOT_CLASS = YES_ERROR;
				CLANG_WARN_RANGE_LOOP_ANALYSIS = YES;
				CLANG_WARN_STRICT_PROTOTYPES = YES;
				CLANG_WARN_SUSPICIOUS_MOVE = YES;
				CLANG_WARN_UNGUARDED_AVAILABILITY = YES_AGGRESSIVE;
				CLANG_WARN_UNREACHABLE_CODE = YES;
				CLANG_WARN__DUPLICATE_METHOD_MATCH = YES;
				CODE_SIGN_IDENTITY = "iPhone Developer";
				COPY_PHASE_STRIP = NO;
				DEBUG_INFORMATION_FORMAT = "dwarf-with-dsym";
				ENABLE_NS_ASSERTIONS = NO;
				ENABLE_STRICT_OBJC_MSGSEND = YES;
				GCC_C_LANGUAGE_STANDARD = gnu11;
				GCC_NO_COMMON_BLOCKS = YES;
				GCC_WARN_64_TO_32_BIT_CONVERSION = YES;
				GCC_WARN_ABOUT_RETURN_TYPE = YES_ERROR;
				GCC_WARN_UNDECLARED_SELECTOR = YES;
				GCC_WARN_UNINITIALIZED_AUTOS = YES_AGGRESSIVE;
				GCC_WARN_UNUSED_FUNCTION = YES;
				GCC_WARN_UNUSED_VARIABLE = YES;
				IPHONEOS_DEPLOYMENT_TARGET = 12.1;
				MTL_ENABLE_DEBUG_INFO = NO;
				MTL_FAST_MATH = YES;
				SDKROOT = iphoneos;
				SWIFT_COMPILATION_MODE = wholemodule;
				SWIFT_OPTIMIZATION_LEVEL = "-O";
				VALIDATE_PRODUCT = YES;
			};
			name = Release;
		};
		FA9470A42287796B00CADAAD /* Debug */ = {
			isa = XCBuildConfiguration;
			baseConfigurationReference = 20696ED70870316A9CF844C1 /* Pods-WordSearch.debug.xcconfig */;
			buildSettings = {
				ASSETCATALOG_COMPILER_APPICON_NAME = AppIcon;
				CODE_SIGN_STYLE = Automatic;
				DEVELOPMENT_TEAM = 7RUJTXSHUD;
				INFOPLIST_FILE = WordSearch/Info.plist;
				LD_RUNPATH_SEARCH_PATHS = (
					"$(inherited)",
					"@executable_path/Frameworks",
				);
				PRODUCT_BUNDLE_IDENTIFIER = com.abdel.WordSearch;
				PRODUCT_NAME = "$(TARGET_NAME)";
				SWIFT_VERSION = 4.2;
				TARGETED_DEVICE_FAMILY = "1,2";
			};
			name = Debug;
		};
		FA9470A52287796B00CADAAD /* Release */ = {
			isa = XCBuildConfiguration;
			baseConfigurationReference = 0F318E793DDCD3B2C15C055C /* Pods-WordSearch.release.xcconfig */;
			buildSettings = {
				ASSETCATALOG_COMPILER_APPICON_NAME = AppIcon;
				CODE_SIGN_STYLE = Automatic;
				DEVELOPMENT_TEAM = 7RUJTXSHUD;
				INFOPLIST_FILE = WordSearch/Info.plist;
				LD_RUNPATH_SEARCH_PATHS = (
					"$(inherited)",
					"@executable_path/Frameworks",
				);
				PRODUCT_BUNDLE_IDENTIFIER = com.abdel.WordSearch;
				PRODUCT_NAME = "$(TARGET_NAME)";
				SWIFT_VERSION = 4.2;
				TARGETED_DEVICE_FAMILY = "1,2";
			};
			name = Release;
		};
/* End XCBuildConfiguration section */

/* Begin XCConfigurationList section */
		FA94708C2287796500CADAAD /* Build configuration list for PBXProject "WordSearch" */ = {
			isa = XCConfigurationList;
			buildConfigurations = (
				FA9470A12287796B00CADAAD /* Debug */,
				FA9470A22287796B00CADAAD /* Release */,
			);
			defaultConfigurationIsVisible = 0;
			defaultConfigurationName = Release;
		};
		FA9470A32287796B00CADAAD /* Build configuration list for PBXNativeTarget "WordSearch" */ = {
			isa = XCConfigurationList;
			buildConfigurations = (
				FA9470A42287796B00CADAAD /* Debug */,
				FA9470A52287796B00CADAAD /* Release */,
			);
			defaultConfigurationIsVisible = 0;
			defaultConfigurationName = Release;
		};
/* End XCConfigurationList section */
	};
	rootObject = FA9470892287796500CADAAD /* Project object */;
}
